
Microsoft Visual Studio Solution File, Format Version 12.00
# Visual Studio Version 17
VisualStudioVersion = 17.10.34928.147
MinimumVisualStudioVersion = 10.0.40219.1
Project("{9A19103F-16F7-4668-BE54-9A1E7A4F7556}") = "GodotFrontend", "GodotFrontend.csproj", "{C2AEC37E-91FD-44CE-BFDD-7E07F8B78DC9}"
EndProject
Project("{9A19103F-16F7-4668-BE54-9A1E7A4F7556}") = "Core", "..\Core\Core.csproj", "{6F1E720F-FCE9-4F2C-ADA4-B4F835EF151F}"
EndProject
Project("{9A19103F-16F7-4668-BE54-9A1E7A4F7556}") = "Tests", "..\Tests\Tests.csproj", "{59B7C30F-723C-4FDA-8AB5-74372B528631}"
EndProject
Global
	GlobalSection(SolutionConfigurationPlatforms) = preSolution
		Debug|Any CPU = Debug|Any CPU
		ExportDebug|Any CPU = ExportDebug|Any CPU
		ExportRelease|Any CPU = ExportRelease|Any CPU
		Release|Any CPU = Release|Any CPU
	EndGlobalSection
	GlobalSection(ProjectConfigurationPlatforms) = postSolution
		{C2AEC37E-91FD-44CE-BFDD-7E07F8B78DC9}.Debug|Any CPU.ActiveCfg = Debug|Any CPU
		{C2AEC37E-91FD-44CE-BFDD-7E07F8B78DC9}.Debug|Any CPU.Build.0 = Debug|Any CPU
		{C2AEC37E-91FD-44CE-BFDD-7E07F8B78DC9}.ExportDebug|Any CPU.ActiveCfg = ExportDebug|Any CPU
		{C2AEC37E-91FD-44CE-BFDD-7E07F8B78DC9}.ExportDebug|Any CPU.Build.0 = ExportDebug|Any CPU
		{C2AEC37E-91FD-44CE-BFDD-7E07F8B78DC9}.ExportRelease|Any CPU.ActiveCfg = ExportRelease|Any CPU
		{C2AEC37E-91FD-44CE-BFDD-7E07F8B78DC9}.ExportRelease|Any CPU.Build.0 = ExportRelease|Any CPU
		{C2AEC37E-91FD-44CE-BFDD-7E07F8B78DC9}.Release|Any CPU.ActiveCfg = ExportRelease|Any CPU
		{C2AEC37E-91FD-44CE-BFDD-7E07F8B78DC9}.Release|Any CPU.Build.0 = ExportRelease|Any CPU
		{6F1E720F-FCE9-4F2C-ADA4-B4F835EF151F}.Debug|Any CPU.ActiveCfg = Debug|Any CPU
		{6F1E720F-FCE9-4F2C-ADA4-B4F835EF151F}.Debug|Any CPU.Build.0 = Debug|Any CPU
		{6F1E720F-FCE9-4F2C-ADA4-B4F835EF151F}.ExportDebug|Any CPU.ActiveCfg = Debug|Any CPU
		{6F1E720F-FCE9-4F2C-ADA4-B4F835EF151F}.ExportDebug|Any CPU.Build.0 = Debug|Any CPU
		{6F1E720F-FCE9-4F2C-ADA4-B4F835EF151F}.ExportRelease|Any CPU.ActiveCfg = Release|Any CPU
		{6F1E720F-FCE9-4F2C-ADA4-B4F835EF151F}.ExportRelease|Any CPU.Build.0 = Release|Any CPU
		{6F1E720F-FCE9-4F2C-ADA4-B4F835EF151F}.Release|Any CPU.ActiveCfg = Release|Any CPU
		{6F1E720F-FCE9-4F2C-ADA4-B4F835EF151F}.Release|Any CPU.Build.0 = Release|Any CPU
		{59B7C30F-723C-4FDA-8AB5-74372B528631}.Debug|Any CPU.ActiveCfg = Debug|Any CPU
		{59B7C30F-723C-4FDA-8AB5-74372B528631}.Debug|Any CPU.Build.0 = Debug|Any CPU
		{59B7C30F-723C-4FDA-8AB5-74372B528631}.ExportDebug|Any CPU.ActiveCfg = Debug|Any CPU
		{59B7C30F-723C-4FDA-8AB5-74372B528631}.ExportDebug|Any CPU.Build.0 = Debug|Any CPU
		{59B7C30F-723C-4FDA-8AB5-74372B528631}.ExportRelease|Any CPU.ActiveCfg = Release|Any CPU
		{59B7C30F-723C-4FDA-8AB5-74372B528631}.ExportRelease|Any CPU.Build.0 = Release|Any CPU
		{59B7C30F-723C-4FDA-8AB5-74372B528631}.Release|Any CPU.ActiveCfg = Release|Any CPU
		{59B7C30F-723C-4FDA-8AB5-74372B528631}.Release|Any CPU.Build.0 = Release|Any CPU
	EndGlobalSection
	GlobalSection(SolutionProperties) = preSolution
		HideSolutionNode = FALSE
	EndGlobalSection
	GlobalSection(ExtensibilityGlobals) = postSolution
		SolutionGuid = {DD6FD7C5-AD3C-4E67-B19F-415B7EF2673C}
	EndGlobalSection
EndGlobal
